
Microsoft Visual Studio Solution File, Format Version 12.00
# Visual Studio Version 17
VisualStudioVersion = 17.9.34616.47
MinimumVisualStudioVersion = 10.0.40219.1
Project("{9A19103F-16F7-4668-BE54-9A1E7A4F7556}") = "NicFWebApp", "NicFWebApp\NicFWebApp.csproj", "{12174319-B29C-4174-A7F5-03B5239C4583}"
EndProject
Global
	GlobalSection(SolutionConfigurationPlatforms) = preSolution
		Debug|Any CPU = Debug|Any CPU
		Release|Any CPU = Release|Any CPU
	EndGlobalSection
	GlobalSection(ProjectConfigurationPlatforms) = postSolution
		{12174319-B29C-4174-A7F5-03B5239C4583}.Debug|Any CPU.ActiveCfg = Debug|Any CPU
		{12174319-B29C-4174-A7F5-03B5239C4583}.Debug|Any CPU.Build.0 = Debug|Any CPU
		{12174319-B29C-4174-A7F5-03B5239C4583}.Release|Any CPU.ActiveCfg = Release|Any CPU
		{12174319-B29C-4174-A7F5-03B5239C4583}.Release|Any CPU.Build.0 = Release|Any CPU
	EndGlobalSection
	GlobalSection(SolutionProperties) = preSolution
		HideSolutionNode = FALSE
	EndGlobalSection
	GlobalSection(ExtensibilityGlobals) = postSolution
		SolutionGuid = {E3C7EB9F-4B7D-41D1-8588-9FA160AF2AED}
	EndGlobalSection
EndGlobal
